# This file was autogenerated by Stack.
# You should not edit this file by hand.
# For more information, please see the documentation at:
#   https://docs.haskellstack.org/en/stable/lock_files

packages:
- completed:
    hackage: table-layout-0.8.0.3@sha256:cd6e6d0dd5c22fcd7fbfa416e81c3748649146de87fd608461c3a9e80a5412ab,5651
    pantry-tree:
      size: 1493
      sha256: 6e307ca4be51bbcc9ae79c1f217bba2ae766d80be306fac5f2c0cadbd4d82b27
  original:
    hackage: table-layout-0.8.0.3
- completed:
    hackage: data-default-instances-base-0.1.0.1@sha256:985a13d7103e45a65f06f277b735ef025636014f0d29dd6de998bc7628e09be9,509
    pantry-tree:
      size: 242
      sha256: 92969ddf22c5f54123fb2bcfbe5917b59a7e6382473b0306bcd8fb7990d9aa1a
  original:
    hackage: data-default-instances-base-0.1.0.1
- completed:
    hackage: pretty-tree-0.1.0.0@sha256:49b0e17008f9d30328db2bcc2958f3a7b78d154d2335c2dbaa2073e237b524ae,668
    pantry-tree:
      size: 214
      sha256: 810d2e5cafbecd6d0d0af42b2522d9e55be0241a03a688cdde2cca10490e1b0a
  original:
    hackage: pretty-tree-0.1.0.0
snapshots:
- completed:
    size: 501504
    url: https://raw.githubusercontent.com/commercialhaskell/stackage-snapshots/master/lts/12/4.yaml
    sha256: 58c30f58d877b569461a241956dd27c9e5d69ee95c8889171baba8bbaaa5b093
  original: lts-12.4
